// !$*UTF8*$!
{
	archiveVersion = 1;
	classes = {
	};
	objectVersion = 52;
	objects = {

/* Begin PBXBuildFile section */
		00CB01FCC07214686C07EAF8 /* GetCharactersTest.swift in Sources */ = {isa = PBXBuildFile; fileRef = DCDEFD4C23C26F20BBA1B26B /* GetCharactersTest.swift */; };
		04DB4E2122FDFD2145A5E42D /* CharactersListState.swift in Sources */ = {isa = PBXBuildFile; fileRef = 6B1C310B907E8D4AC6661F95 /* CharactersListState.swift */; };
		1749F685B97E1C179966C1A0 /* CharactersListContainer.storyboard in Resources */ = {isa = PBXBuildFile; fileRef = DDE9AB42A0DED980128927EB /* CharactersListContainer.storyboard */; };
		1E671FAE296A302642E607A8 /* DisplayKit.framework in Embed Frameworks */ = {isa = PBXBuildFile; fileRef = 909603DB06B344E842854C90 /* DisplayKit.framework */; settings = {ATTRIBUTES = (CodeSignOnCopy, RemoveHeadersOnCopy, ); }; };
		3B3CA91FA747E89F2540A122 /* CharacterListKit.framework in Embed Frameworks */ = {isa = PBXBuildFile; fileRef = 7DC6E2AB4EB39DED0ECCF5ED /* CharacterListKit.framework */; settings = {ATTRIBUTES = (CodeSignOnCopy, RemoveHeadersOnCopy, ); }; };
		3B607C10BDBB719BA8CF3521 /* CharactersListPresenterDelegateMock.swift in Sources */ = {isa = PBXBuildFile; fileRef = FFF66ABF2DF22982488B2FD9 /* CharactersListPresenterDelegateMock.swift */; };
		41B1CCD6E46A34523285FF89 /* CharactersListViewControllerFactory.swift in Sources */ = {isa = PBXBuildFile; fileRef = A8F433D8B46EB96491370E80 /* CharactersListViewControllerFactory.swift */; };
		46BF10BB445675D34054325D /* CharacterMother.swift in Sources */ = {isa = PBXBuildFile; fileRef = 2E1A5C551C5B49C28F223F6C /* CharacterMother.swift */; };
		500BE7925CCC263B85D2B816 /* MarvelClient.framework in Embed Frameworks */ = {isa = PBXBuildFile; fileRef = EA37109F4D34C3F4B2CA4AEB /* MarvelClient.framework */; settings = {ATTRIBUTES = (CodeSignOnCopy, RemoveHeadersOnCopy, ); }; };
		64C3F31465044C8773A7C8A3 /* GetCharacters.swift in Sources */ = {isa = PBXBuildFile; fileRef = EFE5D0385B6D69AD1021BC0A /* GetCharacters.swift */; };
		66827E9768C8A6D2BDFE8552 /* DataProvidersKit.framework in Frameworks */ = {isa = PBXBuildFile; fileRef = 66D18C7364ABFF5408E40EF5 /* DataProvidersKit.framework */; };
		6A0487F8141F8D0450A2CE74 /* DataProvidersKit.framework in Embed Frameworks */ = {isa = PBXBuildFile; fileRef = 66D18C7364ABFF5408E40EF5 /* DataProvidersKit.framework */; settings = {ATTRIBUTES = (CodeSignOnCopy, RemoveHeadersOnCopy, ); }; };
		738BF5293CE8F57D984E0297 /* Images.xcassets in Resources */ = {isa = PBXBuildFile; fileRef = BC34C4EA2DF72E382D6D544B /* Images.xcassets */; };
		75F30B5F38B3978D08A039A1 /* CharacterListCellBinder.swift in Sources */ = {isa = PBXBuildFile; fileRef = 1EA840FE62200CB10A5D4920 /* CharacterListCellBinder.swift */; };
		788205E68FB6482C89FB9034 /* CharacterListKit-Swift.h in Headers */ = {isa = PBXBuildFile; fileRef = 8B58715C18E244E605A1E55B /* CharacterListKit-Swift.h */; settings = {ATTRIBUTES = (Private, ); }; };
		7A2ACEBAA3D31764C9CC5608 /* CharactersListKitAssembly.swift in Sources */ = {isa = PBXBuildFile; fileRef = B83F3F6B8EC6147109C356EC /* CharactersListKitAssembly.swift */; };
		7E8FA3631045C730D0D8DBAA /* CharacterListKit.framework in Frameworks */ = {isa = PBXBuildFile; fileRef = 7DC6E2AB4EB39DED0ECCF5ED /* CharacterListKit.framework */; };
		95AF6210452C577A9EB5E2DD /* CharacterListError.swift in Sources */ = {isa = PBXBuildFile; fileRef = 3970CFD552EDEED2BAC95BF3 /* CharacterListError.swift */; };
		A350D4507F45B1C51EC9D3F2 /* CharactersListViewController.swift in Sources */ = {isa = PBXBuildFile; fileRef = 9F1124B1DE4CCB4DB706D08C /* CharactersListViewController.swift */; };
		A661CF5EB9A1027EA4EC51B4 /* CharactersListContainerView.swift in Sources */ = {isa = PBXBuildFile; fileRef = B307797AD4CB36700242433B /* CharactersListContainerView.swift */; };
		AA847D2AF706514CE5A340F1 /* CharactersListScreen.swift in Sources */ = {isa = PBXBuildFile; fileRef = C42CAA38992C548D1CF18B09 /* CharactersListScreen.swift */; };
		B0A3EE228458E6043B258D8F /* CharacterDetailNavigatorMock.swift in Sources */ = {isa = PBXBuildFile; fileRef = EAFF0739B8E46056C8B5316A /* CharacterDetailNavigatorMock.swift */; };
		B3AC17ECD35640A92B073C23 /* GetCharactersMock.swift in Sources */ = {isa = PBXBuildFile; fileRef = 2F218DBF8DBC5DD65212B76F /* GetCharactersMock.swift */; };
		C4EDC29E100E15A913111515 /* CharactersListCell.swift in Sources */ = {isa = PBXBuildFile; fileRef = 9AF4707E75D5C4CBAF716F55 /* CharactersListCell.swift */; };
		C700D919C133219BE6363862 /* CharacterListModel.swift in Sources */ = {isa = PBXBuildFile; fileRef = 4D4DE7D53AEF5394096DF3C2 /* CharacterListModel.swift */; };
		C942EE62A76676C699E661F7 /* CharactersListPresenterTest.swift in Sources */ = {isa = PBXBuildFile; fileRef = 9AD73DA31042101E48C9BA24 /* CharactersListPresenterTest.swift */; };
		CAED328B72B2E044BE043F7F /* CharactersListPresenter.swift in Sources */ = {isa = PBXBuildFile; fileRef = EEE0527602860865BD3B014E /* CharactersListPresenter.swift */; };
		D3A0D895D8DBF2A2003C2FAD /* CharactersListContainerPresenter.swift in Sources */ = {isa = PBXBuildFile; fileRef = F13587ECEE3A0D84CC3B9519 /* CharactersListContainerPresenter.swift */; };
		DAF3D0E8FCC1F1D99C44C5A2 /* Support.framework in Embed Frameworks */ = {isa = PBXBuildFile; fileRef = 50F3C8D313FE87B35349CE59 /* Support.framework */; settings = {ATTRIBUTES = (CodeSignOnCopy, RemoveHeadersOnCopy, ); }; };
		DCA643B4F5BC9301EFC833EA /* CharactersListContainerPresenterTest.swift in Sources */ = {isa = PBXBuildFile; fileRef = 39B5CC7A3797E908FA5146EA /* CharactersListContainerPresenterTest.swift */; };
		E731A9E85E4900133A402EF0 /* DisplayKit.framework in Frameworks */ = {isa = PBXBuildFile; fileRef = 909603DB06B344E842854C90 /* DisplayKit.framework */; };
		E889A60780A2F7441C0F1360 /* CharactersListContainerViewController.swift in Sources */ = {isa = PBXBuildFile; fileRef = 2C3B2850E782A905D536AFA6 /* CharactersListContainerViewController.swift */; };
		FD8919A1919E1A2094138150 /* CharactersListContainerViewMock.swift in Sources */ = {isa = PBXBuildFile; fileRef = FA4873E6122BD142F92ABB9B /* CharactersListContainerViewMock.swift */; };
/* End PBXBuildFile section */

/* Begin PBXContainerItemProxy section */
		FC057DADF3AEF2AC201B9EBA /* PBXContainerItemProxy */ = {
			isa = PBXContainerItemProxy;
			containerPortal = D5142F3DA679E696A2DB3A6A /* Project object */;
			proxyType = 1;
			remoteGlobalIDString = C10D665DB1B39066B4ABBE51;
			remoteInfo = CharacterListKit;
		};
/* End PBXContainerItemProxy section */

/* Begin PBXCopyFilesBuildPhase section */
		736F5814D46F9A5E15784366 /* Embed Frameworks */ = {
			isa = PBXCopyFilesBuildPhase;
			buildActionMask = 2147483647;
			dstSubfolderSpec = 10;
			files = (
				3B3CA91FA747E89F2540A122 /* CharacterListKit.framework in Embed Frameworks */,
				6A0487F8141F8D0450A2CE74 /* DataProvidersKit.framework in Embed Frameworks */,
				1E671FAE296A302642E607A8 /* DisplayKit.framework in Embed Frameworks */,
				500BE7925CCC263B85D2B816 /* MarvelClient.framework in Embed Frameworks */,
				DAF3D0E8FCC1F1D99C44C5A2 /* Support.framework in Embed Frameworks */,
			);
			name = "Embed Frameworks";
			runOnlyForDeploymentPostprocessing = 0;
		};
		AEACD5FC8CEB5E1E2C4F53E3 /* Embed Frameworks */ = {
			isa = PBXCopyFilesBuildPhase;
			buildActionMask = 2147483647;
			dstSubfolderSpec = 10;
			files = (
			);
			name = "Embed Frameworks";
			runOnlyForDeploymentPostprocessing = 0;
		};
/* End PBXCopyFilesBuildPhase section */

/* Begin PBXFileReference section */
		1497557A4F2D75ED0FEEDE3C /* CharacterListKit.plist */ = {isa = PBXFileReference; lastKnownFileType = text.plist; path = CharacterListKit.plist; sourceTree = "<group>"; };
		1EA840FE62200CB10A5D4920 /* CharacterListCellBinder.swift */ = {isa = PBXFileReference; lastKnownFileType = sourcecode.swift; path = CharacterListCellBinder.swift; sourceTree = "<group>"; };
		2C3B2850E782A905D536AFA6 /* CharactersListContainerViewController.swift */ = {isa = PBXFileReference; lastKnownFileType = sourcecode.swift; path = CharactersListContainerViewController.swift; sourceTree = "<group>"; };
		2E1A5C551C5B49C28F223F6C /* CharacterMother.swift */ = {isa = PBXFileReference; lastKnownFileType = sourcecode.swift; path = CharacterMother.swift; sourceTree = "<group>"; };
		2F218DBF8DBC5DD65212B76F /* GetCharactersMock.swift */ = {isa = PBXFileReference; lastKnownFileType = sourcecode.swift; path = GetCharactersMock.swift; sourceTree = "<group>"; };
		3970CFD552EDEED2BAC95BF3 /* CharacterListError.swift */ = {isa = PBXFileReference; lastKnownFileType = sourcecode.swift; path = CharacterListError.swift; sourceTree = "<group>"; };
		39B5CC7A3797E908FA5146EA /* CharactersListContainerPresenterTest.swift */ = {isa = PBXFileReference; lastKnownFileType = sourcecode.swift; path = CharactersListContainerPresenterTest.swift; sourceTree = "<group>"; };
		4D4DE7D53AEF5394096DF3C2 /* CharacterListModel.swift */ = {isa = PBXFileReference; lastKnownFileType = sourcecode.swift; path = CharacterListModel.swift; sourceTree = "<group>"; };
		50F3C8D313FE87B35349CE59 /* Support.framework */ = {isa = PBXFileReference; explicitFileType = wrapper.framework; includeInIndex = 0; path = Support.framework; sourceTree = BUILT_PRODUCTS_DIR; };
		66D18C7364ABFF5408E40EF5 /* DataProvidersKit.framework */ = {isa = PBXFileReference; explicitFileType = wrapper.framework; includeInIndex = 0; path = DataProvidersKit.framework; sourceTree = BUILT_PRODUCTS_DIR; };
		6B1C310B907E8D4AC6661F95 /* CharactersListState.swift */ = {isa = PBXFileReference; lastKnownFileType = sourcecode.swift; path = CharactersListState.swift; sourceTree = "<group>"; };
		7DC6E2AB4EB39DED0ECCF5ED /* CharacterListKit.framework */ = {isa = PBXFileReference; explicitFileType = wrapper.framework; includeInIndex = 0; path = CharacterListKit.framework; sourceTree = BUILT_PRODUCTS_DIR; };
		83B0F9A1507D2E971C0E9683 /* CharacterListKitUnitTests.xctest */ = {isa = PBXFileReference; explicitFileType = wrapper.cfbundle; includeInIndex = 0; path = CharacterListKitUnitTests.xctest; sourceTree = BUILT_PRODUCTS_DIR; };
		8B58715C18E244E605A1E55B /* CharacterListKit-Swift.h */ = {isa = PBXFileReference; lastKnownFileType = sourcecode.c.h; path = "CharacterListKit-Swift.h"; sourceTree = "<group>"; };
		909603DB06B344E842854C90 /* DisplayKit.framework */ = {isa = PBXFileReference; explicitFileType = wrapper.framework; includeInIndex = 0; path = DisplayKit.framework; sourceTree = BUILT_PRODUCTS_DIR; };
		9AD73DA31042101E48C9BA24 /* CharactersListPresenterTest.swift */ = {isa = PBXFileReference; lastKnownFileType = sourcecode.swift; path = CharactersListPresenterTest.swift; sourceTree = "<group>"; };
		9AF4707E75D5C4CBAF716F55 /* CharactersListCell.swift */ = {isa = PBXFileReference; lastKnownFileType = sourcecode.swift; path = CharactersListCell.swift; sourceTree = "<group>"; };
		9F1124B1DE4CCB4DB706D08C /* CharactersListViewController.swift */ = {isa = PBXFileReference; lastKnownFileType = sourcecode.swift; path = CharactersListViewController.swift; sourceTree = "<group>"; };
		A8F433D8B46EB96491370E80 /* CharactersListViewControllerFactory.swift */ = {isa = PBXFileReference; lastKnownFileType = sourcecode.swift; path = CharactersListViewControllerFactory.swift; sourceTree = "<group>"; };
		B307797AD4CB36700242433B /* CharactersListContainerView.swift */ = {isa = PBXFileReference; lastKnownFileType = sourcecode.swift; path = CharactersListContainerView.swift; sourceTree = "<group>"; };
		B83F3F6B8EC6147109C356EC /* CharactersListKitAssembly.swift */ = {isa = PBXFileReference; lastKnownFileType = sourcecode.swift; path = CharactersListKitAssembly.swift; sourceTree = "<group>"; };
		BC34C4EA2DF72E382D6D544B /* Images.xcassets */ = {isa = PBXFileReference; lastKnownFileType = folder.assetcatalog; path = Images.xcassets; sourceTree = "<group>"; };
		C42CAA38992C548D1CF18B09 /* CharactersListScreen.swift */ = {isa = PBXFileReference; lastKnownFileType = sourcecode.swift; path = CharactersListScreen.swift; sourceTree = "<group>"; };
		DCDEFD4C23C26F20BBA1B26B /* GetCharactersTest.swift */ = {isa = PBXFileReference; lastKnownFileType = sourcecode.swift; path = GetCharactersTest.swift; sourceTree = "<group>"; };
		DDE9AB42A0DED980128927EB /* CharactersListContainer.storyboard */ = {isa = PBXFileReference; lastKnownFileType = file.storyboard; path = CharactersListContainer.storyboard; sourceTree = "<group>"; };
		E4975DA05B6B9F7F38EFC808 /* CharacterListKitUnitTests.plist */ = {isa = PBXFileReference; lastKnownFileType = text.plist; path = CharacterListKitUnitTests.plist; sourceTree = "<group>"; };
		EA37109F4D34C3F4B2CA4AEB /* MarvelClient.framework */ = {isa = PBXFileReference; explicitFileType = wrapper.framework; includeInIndex = 0; path = MarvelClient.framework; sourceTree = BUILT_PRODUCTS_DIR; };
		EAFF0739B8E46056C8B5316A /* CharacterDetailNavigatorMock.swift */ = {isa = PBXFileReference; lastKnownFileType = sourcecode.swift; path = CharacterDetailNavigatorMock.swift; sourceTree = "<group>"; };
		EEE0527602860865BD3B014E /* CharactersListPresenter.swift */ = {isa = PBXFileReference; lastKnownFileType = sourcecode.swift; path = CharactersListPresenter.swift; sourceTree = "<group>"; };
		EFE5D0385B6D69AD1021BC0A /* GetCharacters.swift */ = {isa = PBXFileReference; lastKnownFileType = sourcecode.swift; path = GetCharacters.swift; sourceTree = "<group>"; };
		F13587ECEE3A0D84CC3B9519 /* CharactersListContainerPresenter.swift */ = {isa = PBXFileReference; lastKnownFileType = sourcecode.swift; path = CharactersListContainerPresenter.swift; sourceTree = "<group>"; };
		FA4873E6122BD142F92ABB9B /* CharactersListContainerViewMock.swift */ = {isa = PBXFileReference; lastKnownFileType = sourcecode.swift; path = CharactersListContainerViewMock.swift; sourceTree = "<group>"; };
		FFF66ABF2DF22982488B2FD9 /* CharactersListPresenterDelegateMock.swift */ = {isa = PBXFileReference; lastKnownFileType = sourcecode.swift; path = CharactersListPresenterDelegateMock.swift; sourceTree = "<group>"; };
/* End PBXFileReference section */

/* Begin PBXFrameworksBuildPhase section */
		061764D4606AC4E102F4924A /* Frameworks */ = {
			isa = PBXFrameworksBuildPhase;
			buildActionMask = 2147483647;
			files = (
				7E8FA3631045C730D0D8DBAA /* CharacterListKit.framework in Frameworks */,
			);
			runOnlyForDeploymentPostprocessing = 0;
		};
		AC9C080B7380601538604192 /* Frameworks */ = {
			isa = PBXFrameworksBuildPhase;
			buildActionMask = 2147483647;
			files = (
				66827E9768C8A6D2BDFE8552 /* DataProvidersKit.framework in Frameworks */,
				E731A9E85E4900133A402EF0 /* DisplayKit.framework in Frameworks */,
			);
			runOnlyForDeploymentPostprocessing = 0;
		};
/* End PBXFrameworksBuildPhase section */

/* Begin PBXGroup section */
		179115DC4906C73DE6422572 /* Interactor */ = {
			isa = PBXGroup;
			children = (
				2F218DBF8DBC5DD65212B76F /* GetCharactersMock.swift */,
				DCDEFD4C23C26F20BBA1B26B /* GetCharactersTest.swift */,
			);
			path = Interactor;
			sourceTree = "<group>";
		};
		37639FCCD29B9E41AEFBF12B /* View */ = {
			isa = PBXGroup;
			children = (
				1EA840FE62200CB10A5D4920 /* CharacterListCellBinder.swift */,
				9AF4707E75D5C4CBAF716F55 /* CharactersListCell.swift */,
				B307797AD4CB36700242433B /* CharactersListContainerView.swift */,
				2C3B2850E782A905D536AFA6 /* CharactersListContainerViewController.swift */,
				9F1124B1DE4CCB4DB706D08C /* CharactersListViewController.swift */,
				A8F433D8B46EB96491370E80 /* CharactersListViewControllerFactory.swift */,
			);
			path = View;
			sourceTree = "<group>";
		};
		3EFD6475C79323CF64701AF3 /* Derived */ = {
			isa = PBXGroup;
			children = (
				9D77E8E5E4EC67B550861E22 /* InfoPlists */,
			);
			path = Derived;
			sourceTree = "<group>";
		};
		41F4169ADCCD738719C77E1D /* Project */ = {
			isa = PBXGroup;
			children = (
				3EFD6475C79323CF64701AF3 /* Derived */,
				8633791CAD67210C9AD325CF /* Headers */,
				735E893BE32B45E430EBA5B9 /* Resources */,
				72481A1F91118A18B0DF7B2C /* Sources */,
				8572626F2E77A606320E6E5E /* Tests */,
			);
			name = Project;
			sourceTree = "<group>";
		};
		54356EE5918AB7D0D2EE879A /* Presentation */ = {
			isa = PBXGroup;
			children = (
				D929B2C464623B2C2C61A2F9 /* Models */,
				5C238D5A30C8AB83D09B535A /* Presenter */,
				37639FCCD29B9E41AEFBF12B /* View */,
				C42CAA38992C548D1CF18B09 /* CharactersListScreen.swift */,
			);
			path = Presentation;
			sourceTree = "<group>";
		};
		5A151DFD77C3AFDBBA6E66DE /* Products */ = {
			isa = PBXGroup;
			children = (
				7DC6E2AB4EB39DED0ECCF5ED /* CharacterListKit.framework */,
				83B0F9A1507D2E971C0E9683 /* CharacterListKitUnitTests.xctest */,
				66D18C7364ABFF5408E40EF5 /* DataProvidersKit.framework */,
				909603DB06B344E842854C90 /* DisplayKit.framework */,
				EA37109F4D34C3F4B2CA4AEB /* MarvelClient.framework */,
				50F3C8D313FE87B35349CE59 /* Support.framework */,
			);
			name = Products;
			sourceTree = "<group>";
		};
		5C238D5A30C8AB83D09B535A /* Presenter */ = {
			isa = PBXGroup;
			children = (
				F13587ECEE3A0D84CC3B9519 /* CharactersListContainerPresenter.swift */,
				EEE0527602860865BD3B014E /* CharactersListPresenter.swift */,
			);
			path = Presenter;
			sourceTree = "<group>";
		};
		72481A1F91118A18B0DF7B2C /* Sources */ = {
			isa = PBXGroup;
			children = (
				8C02F68208BE1286F6EB5BDB /* Interactors */,
				54356EE5918AB7D0D2EE879A /* Presentation */,
				B83F3F6B8EC6147109C356EC /* CharactersListKitAssembly.swift */,
			);
			path = Sources;
			sourceTree = "<group>";
		};
		735E893BE32B45E430EBA5B9 /* Resources */ = {
			isa = PBXGroup;
			children = (
				DDE9AB42A0DED980128927EB /* CharactersListContainer.storyboard */,
				BC34C4EA2DF72E382D6D544B /* Images.xcassets */,
			);
			path = Resources;
			sourceTree = "<group>";
		};
		7A092B07D84581A261500833 /* Presentation */ = {
			isa = PBXGroup;
			children = (
				EAFF0739B8E46056C8B5316A /* CharacterDetailNavigatorMock.swift */,
				39B5CC7A3797E908FA5146EA /* CharactersListContainerPresenterTest.swift */,
				FA4873E6122BD142F92ABB9B /* CharactersListContainerViewMock.swift */,
				FFF66ABF2DF22982488B2FD9 /* CharactersListPresenterDelegateMock.swift */,
				9AD73DA31042101E48C9BA24 /* CharactersListPresenterTest.swift */,
			);
			path = Presentation;
			sourceTree = "<group>";
		};
		8572626F2E77A606320E6E5E /* Tests */ = {
			isa = PBXGroup;
			children = (
				179115DC4906C73DE6422572 /* Interactor */,
				7A092B07D84581A261500833 /* Presentation */,
				F090B4E9F1245E8D8B5B4755 /* Tools */,
			);
			path = Tests;
			sourceTree = "<group>";
		};
		8633791CAD67210C9AD325CF /* Headers */ = {
			isa = PBXGroup;
			children = (
				8B58715C18E244E605A1E55B /* CharacterListKit-Swift.h */,
			);
			path = Headers;
			sourceTree = "<group>";
		};
		8C02F68208BE1286F6EB5BDB /* Interactors */ = {
			isa = PBXGroup;
			children = (
				EFE5D0385B6D69AD1021BC0A /* GetCharacters.swift */,
			);
			path = Interactors;
			sourceTree = "<group>";
		};
		9D77E8E5E4EC67B550861E22 /* InfoPlists */ = {
			isa = PBXGroup;
			children = (
				1497557A4F2D75ED0FEEDE3C /* CharacterListKit.plist */,
				E4975DA05B6B9F7F38EFC808 /* CharacterListKitUnitTests.plist */,
			);
			path = InfoPlists;
			sourceTree = "<group>";
		};
		CABB9912DE1005D933EBC9F6 = {
			isa = PBXGroup;
			children = (
				41F4169ADCCD738719C77E1D /* Project */,
				E23E396F6BD62CC7D8E22FB7 /* Frameworks */,
				5A151DFD77C3AFDBBA6E66DE /* Products */,
			);
			sourceTree = "<group>";
		};
		D929B2C464623B2C2C61A2F9 /* Models */ = {
			isa = PBXGroup;
			children = (
				3970CFD552EDEED2BAC95BF3 /* CharacterListError.swift */,
				4D4DE7D53AEF5394096DF3C2 /* CharacterListModel.swift */,
				6B1C310B907E8D4AC6661F95 /* CharactersListState.swift */,
			);
			path = Models;
			sourceTree = "<group>";
		};
		E23E396F6BD62CC7D8E22FB7 /* Frameworks */ = {
			isa = PBXGroup;
			children = (
			);
			name = Frameworks;
			sourceTree = "<group>";
		};
		F090B4E9F1245E8D8B5B4755 /* Tools */ = {
			isa = PBXGroup;
			children = (
				2E1A5C551C5B49C28F223F6C /* CharacterMother.swift */,
			);
			path = Tools;
			sourceTree = "<group>";
		};
/* End PBXGroup section */

/* Begin PBXHeadersBuildPhase section */
		D7EF7A6F42366328A44A7133 /* Headers */ = {
			isa = PBXHeadersBuildPhase;
			buildActionMask = 2147483647;
			files = (
				788205E68FB6482C89FB9034 /* CharacterListKit-Swift.h in Headers */,
			);
			runOnlyForDeploymentPostprocessing = 0;
		};
/* End PBXHeadersBuildPhase section */

/* Begin PBXNativeTarget section */
		6C06B841D6C84CE441F50242 /* CharacterListKitUnitTests */ = {
			isa = PBXNativeTarget;
			buildConfigurationList = 52FEB59AF253BB8B6BA698DE /* Build configuration list for PBXNativeTarget "CharacterListKitUnitTests" */;
			buildPhases = (
				54A78AC06EDEC19066C77BA2 /* Sources */,
				371878245BA904207D978E26 /* Resources */,
				4ABF309719F8AE7D015F26AB /* Embed Precompiled Frameworks */,
				736F5814D46F9A5E15784366 /* Embed Frameworks */,
				061764D4606AC4E102F4924A /* Frameworks */,
			);
			buildRules = (
			);
			dependencies = (
				28298E95EFC6C97E858DB012 /* PBXTargetDependency */,
			);
			name = CharacterListKitUnitTests;
			productName = CharacterListKitUnitTests;
			productReference = 83B0F9A1507D2E971C0E9683 /* CharacterListKitUnitTests.xctest */;
			productType = "com.apple.product-type.bundle.unit-test";
		};
		C10D665DB1B39066B4ABBE51 /* CharacterListKit */ = {
			isa = PBXNativeTarget;
			buildConfigurationList = 9EA6B46B68DFFCE9EE35E23A /* Build configuration list for PBXNativeTarget "CharacterListKit" */;
			buildPhases = (
				D7EF7A6F42366328A44A7133 /* Headers */,
				800DCCD8ED6FA94710E7E940 /* Sources */,
				B291DFF3CCB8A96F653402B7 /* Resources */,
				CD1D8CD3AF3809FA2782A5A7 /* Embed Precompiled Frameworks */,
				AEACD5FC8CEB5E1E2C4F53E3 /* Embed Frameworks */,
				AC9C080B7380601538604192 /* Frameworks */,
			);
			buildRules = (
			);
			dependencies = (
			);
			name = CharacterListKit;
			productName = CharacterListKit;
			productReference = 7DC6E2AB4EB39DED0ECCF5ED /* CharacterListKit.framework */;
			productType = "com.apple.product-type.framework";
		};
/* End PBXNativeTarget section */

/* Begin PBXProject section */
		D5142F3DA679E696A2DB3A6A /* Project object */ = {
			isa = PBXProject;
			attributes = {
				TargetAttributes = {
				};
			};
			buildConfigurationList = 265AB1C9B2FE83D2167FCB40 /* Build configuration list for PBXProject "CharacterListKit" */;
			compatibilityVersion = "Xcode 9.3";
			developmentRegion = en;
			hasScannedForEncodings = 0;
			knownRegions = (
				Base,
				en,
			);
			mainGroup = CABB9912DE1005D933EBC9F6;
			packageReferences = (
				FF52D8ECEB7420D37F41C5BC /* XCRemoteSwiftPackageReference "Kingfisher" */,
			);
			productRefGroup = 5A151DFD77C3AFDBBA6E66DE /* Products */;
			projectDirPath = "";
			projectRoot = "";
			targets = (
				C10D665DB1B39066B4ABBE51 /* CharacterListKit */,
				6C06B841D6C84CE441F50242 /* CharacterListKitUnitTests */,
			);
		};
/* End PBXProject section */

/* Begin PBXResourcesBuildPhase section */
		371878245BA904207D978E26 /* Resources */ = {
			isa = PBXResourcesBuildPhase;
			buildActionMask = 2147483647;
			files = (
			);
			runOnlyForDeploymentPostprocessing = 0;
		};
		B291DFF3CCB8A96F653402B7 /* Resources */ = {
			isa = PBXResourcesBuildPhase;
			buildActionMask = 2147483647;
			files = (
				1749F685B97E1C179966C1A0 /* CharactersListContainer.storyboard in Resources */,
				738BF5293CE8F57D984E0297 /* Images.xcassets in Resources */,
			);
			runOnlyForDeploymentPostprocessing = 0;
		};
/* End PBXResourcesBuildPhase section */

/* Begin PBXShellScriptBuildPhase section */
		4ABF309719F8AE7D015F26AB /* Embed Precompiled Frameworks */ = {
			isa = PBXShellScriptBuildPhase;
			buildActionMask = 2147483647;
			files = (
			);
			inputPaths = (
			);
			name = "Embed Precompiled Frameworks";
			outputPaths = (
			);
			runOnlyForDeploymentPostprocessing = 0;
			shellPath = /bin/sh;
			shellScript = "echo \"Skipping, nothing to be embedded.\"";
		};
		CD1D8CD3AF3809FA2782A5A7 /* Embed Precompiled Frameworks */ = {
			isa = PBXShellScriptBuildPhase;
			buildActionMask = 2147483647;
			files = (
			);
			inputPaths = (
			);
			name = "Embed Precompiled Frameworks";
			outputPaths = (
			);
			runOnlyForDeploymentPostprocessing = 0;
			shellPath = /bin/sh;
			shellScript = "echo \"Skipping, nothing to be embedded.\"";
		};
/* End PBXShellScriptBuildPhase section */

/* Begin PBXSourcesBuildPhase section */
		54A78AC06EDEC19066C77BA2 /* Sources */ = {
			isa = PBXSourcesBuildPhase;
			buildActionMask = 2147483647;
			files = (
				B3AC17ECD35640A92B073C23 /* GetCharactersMock.swift in Sources */,
				00CB01FCC07214686C07EAF8 /* GetCharactersTest.swift in Sources */,
				B0A3EE228458E6043B258D8F /* CharacterDetailNavigatorMock.swift in Sources */,
				DCA643B4F5BC9301EFC833EA /* CharactersListContainerPresenterTest.swift in Sources */,
				FD8919A1919E1A2094138150 /* CharactersListContainerViewMock.swift in Sources */,
				3B607C10BDBB719BA8CF3521 /* CharactersListPresenterDelegateMock.swift in Sources */,
				C942EE62A76676C699E661F7 /* CharactersListPresenterTest.swift in Sources */,
				46BF10BB445675D34054325D /* CharacterMother.swift in Sources */,
			);
			runOnlyForDeploymentPostprocessing = 0;
		};
		800DCCD8ED6FA94710E7E940 /* Sources */ = {
			isa = PBXSourcesBuildPhase;
			buildActionMask = 2147483647;
			files = (
				7A2ACEBAA3D31764C9CC5608 /* CharactersListKitAssembly.swift in Sources */,
				64C3F31465044C8773A7C8A3 /* GetCharacters.swift in Sources */,
				AA847D2AF706514CE5A340F1 /* CharactersListScreen.swift in Sources */,
				95AF6210452C577A9EB5E2DD /* CharacterListError.swift in Sources */,
				C700D919C133219BE6363862 /* CharacterListModel.swift in Sources */,
				04DB4E2122FDFD2145A5E42D /* CharactersListState.swift in Sources */,
				D3A0D895D8DBF2A2003C2FAD /* CharactersListContainerPresenter.swift in Sources */,
				CAED328B72B2E044BE043F7F /* CharactersListPresenter.swift in Sources */,
				75F30B5F38B3978D08A039A1 /* CharacterListCellBinder.swift in Sources */,
				C4EDC29E100E15A913111515 /* CharactersListCell.swift in Sources */,
				A661CF5EB9A1027EA4EC51B4 /* CharactersListContainerView.swift in Sources */,
				E889A60780A2F7441C0F1360 /* CharactersListContainerViewController.swift in Sources */,
				A350D4507F45B1C51EC9D3F2 /* CharactersListViewController.swift in Sources */,
				41B1CCD6E46A34523285FF89 /* CharactersListViewControllerFactory.swift in Sources */,
			);
			runOnlyForDeploymentPostprocessing = 0;
		};
/* End PBXSourcesBuildPhase section */

/* Begin PBXTargetDependency section */
		28298E95EFC6C97E858DB012 /* PBXTargetDependency */ = {
			isa = PBXTargetDependency;
			name = CharacterListKit;
			target = C10D665DB1B39066B4ABBE51 /* CharacterListKit */;
			targetProxy = FC057DADF3AEF2AC201B9EBA /* PBXContainerItemProxy */;
		};
/* End PBXTargetDependency section */

/* Begin XCBuildConfiguration section */
		12B48BE3DFED4518CCEE183B /* Release */ = {
			isa = XCBuildConfiguration;
			buildSettings = {
				CODE_SIGN_IDENTITY = "";
				CURRENT_PROJECT_VERSION = 1;
				DEFINES_MODULE = YES;
				DYLIB_COMPATIBILITY_VERSION = 1;
				DYLIB_CURRENT_VERSION = 1;
				DYLIB_INSTALL_NAME_BASE = "@rpath";
				INFOPLIST_FILE = Derived/InfoPlists/CharacterListKit.plist;
				INSTALL_PATH = "$(LOCAL_LIBRARY_DIR)/Frameworks";
				IPHONEOS_DEPLOYMENT_TARGET = 10.0;
				LD_RUNPATH_SEARCH_PATHS = (
					"$(inherited)",
					"@executable_path/Frameworks",
					"@loader_path/Frameworks",
				);
				PRODUCT_BUNDLE_IDENTIFIER = com.excelsior.CharacterListKit;
				PRODUCT_NAME = CharacterListKit;
				SDKROOT = iphoneos;
				SKIP_INSTALL = YES;
				SUPPORTED_PLATFORMS = "iphonesimulator iphoneos";
				SWIFT_COMPILATION_MODE = wholemodule;
				SWIFT_OPTIMIZATION_LEVEL = "-Owholemodule";
				SWIFT_VERSION = 5.2;
				TARGETED_DEVICE_FAMILY = 1;
				VERSIONING_SYSTEM = "apple-generic";
				VERSION_INFO_PREFIX = "";
			};
			name = Release;
		};
		4DE953D0B500AB152FEB8712 /* Release */ = {
			isa = XCBuildConfiguration;
			buildSettings = {
				CODE_SIGN_IDENTITY = "iPhone Developer";
				INFOPLIST_FILE = Derived/InfoPlists/CharacterListKitUnitTests.plist;
				IPHONEOS_DEPLOYMENT_TARGET = 13.0;
				LD_RUNPATH_SEARCH_PATHS = (
					"$(inherited)",
					"@executable_path/Frameworks",
					"@loader_path/Frameworks",
				);
				PRODUCT_BUNDLE_IDENTIFIER = com.excelsior.CharacterListKitTests;
				PRODUCT_NAME = CharacterListKitUnitTests;
				SDKROOT = iphoneos;
				SUPPORTED_PLATFORMS = "iphonesimulator iphoneos";
				SWIFT_COMPILATION_MODE = wholemodule;
				SWIFT_OPTIMIZATION_LEVEL = "-Owholemodule";
				SWIFT_VERSION = 5.2;
				TARGETED_DEVICE_FAMILY = 1;
			};
			name = Release;
		};
		A8A2D17768E12D4276D95CD7 /* Debug */ = {
			isa = XCBuildConfiguration;
			buildSettings = {
				ALWAYS_SEARCH_USER_PATHS = NO;
				CLANG_ANALYZER_NONNULL = YES;
				CLANG_ANALYZER_NUMBER_OBJECT_CONVERSION = YES_AGGRESSIVE;
				CLANG_CXX_LANGUAGE_STANDARD = "gnu++14";
				CLANG_CXX_LIBRARY = "libc++";
				CLANG_ENABLE_MODULES = YES;
				CLANG_ENABLE_OBJC_ARC = YES;
				CLANG_ENABLE_OBJC_WEAK = YES;
				CLANG_WARN_BLOCK_CAPTURE_AUTORELEASING = YES;
				CLANG_WARN_BOOL_CONVERSION = YES;
				CLANG_WARN_COMMA = YES;
				CLANG_WARN_CONSTANT_CONVERSION = YES;
				CLANG_WARN_DEPRECATED_OBJC_IMPLEMENTATIONS = YES;
				CLANG_WARN_DIRECT_OBJC_ISA_USAGE = YES_ERROR;
				CLANG_WARN_DOCUMENTATION_COMMENTS = YES;
				CLANG_WARN_EMPTY_BODY = YES;
				CLANG_WARN_ENUM_CONVERSION = YES;
				CLANG_WARN_INFINITE_RECURSION = YES;
				CLANG_WARN_INT_CONVERSION = YES;
				CLANG_WARN_NON_LITERAL_NULL_CONVERSION = YES;
				CLANG_WARN_OBJC_IMPLICIT_RETAIN_SELF = YES;
				CLANG_WARN_OBJC_LITERAL_CONVERSION = YES;
				CLANG_WARN_OBJC_ROOT_CLASS = YES_ERROR;
				CLANG_WARN_RANGE_LOOP_ANALYSIS = YES;
				CLANG_WARN_STRICT_PROTOTYPES = YES;
				CLANG_WARN_SUSPICIOUS_MOVE = YES;
				CLANG_WARN_UNGUARDED_AVAILABILITY = YES_AGGRESSIVE;
				CLANG_WARN_UNREACHABLE_CODE = YES;
				CLANG_WARN__DUPLICATE_METHOD_MATCH = YES;
				COPY_PHASE_STRIP = NO;
				DEBUG_INFORMATION_FORMAT = dwarf;
				ENABLE_STRICT_OBJC_MSGSEND = YES;
				ENABLE_TESTABILITY = YES;
				GCC_C_LANGUAGE_STANDARD = gnu11;
				GCC_DYNAMIC_NO_PIC = NO;
				GCC_NO_COMMON_BLOCKS = YES;
				GCC_OPTIMIZATION_LEVEL = 0;
				GCC_PREPROCESSOR_DEFINITIONS = (
					"DEBUG=1",
					"$(inherited)",
				);
				GCC_WARN_64_TO_32_BIT_CONVERSION = YES;
				GCC_WARN_ABOUT_RETURN_TYPE = YES_ERROR;
				GCC_WARN_UNDECLARED_SELECTOR = YES;
				GCC_WARN_UNINITIALIZED_AUTOS = YES_AGGRESSIVE;
				GCC_WARN_UNUSED_FUNCTION = YES;
				GCC_WARN_UNUSED_VARIABLE = YES;
				MTL_ENABLE_DEBUG_INFO = YES;
				ONLY_ACTIVE_ARCH = YES;
				PRODUCT_NAME = "$(TARGET_NAME)";
			};
			name = Debug;
		};
		BEFC08642F7AD945723ABA88 /* Debug */ = {
			isa = XCBuildConfiguration;
			buildSettings = {
				CODE_SIGN_IDENTITY = "iPhone Developer";
				INFOPLIST_FILE = Derived/InfoPlists/CharacterListKitUnitTests.plist;
				IPHONEOS_DEPLOYMENT_TARGET = 13.0;
				LD_RUNPATH_SEARCH_PATHS = (
					"$(inherited)",
					"@executable_path/Frameworks",
					"@loader_path/Frameworks",
				);
				PRODUCT_BUNDLE_IDENTIFIER = com.excelsior.CharacterListKitTests;
				PRODUCT_NAME = CharacterListKitUnitTests;
				SDKROOT = iphoneos;
				SUPPORTED_PLATFORMS = "iphonesimulator iphoneos";
				SWIFT_ACTIVE_COMPILATION_CONDITIONS = DEBUG;
				SWIFT_COMPILATION_MODE = singlefile;
				SWIFT_OPTIMIZATION_LEVEL = "-Onone";
				SWIFT_VERSION = 5.2;
				TARGETED_DEVICE_FAMILY = 1;
			};
			name = Debug;
		};
		CB9571B47CC8B7BDDD5C2B22 /* Debug */ = {
			isa = XCBuildConfiguration;
			buildSettings = {
				CODE_SIGN_IDENTITY = "";
				CURRENT_PROJECT_VERSION = 1;
				DEFINES_MODULE = YES;
				DYLIB_COMPATIBILITY_VERSION = 1;
				DYLIB_CURRENT_VERSION = 1;
				DYLIB_INSTALL_NAME_BASE = "@rpath";
				INFOPLIST_FILE = Derived/InfoPlists/CharacterListKit.plist;
				INSTALL_PATH = "$(LOCAL_LIBRARY_DIR)/Frameworks";
				IPHONEOS_DEPLOYMENT_TARGET = 10.0;
				LD_RUNPATH_SEARCH_PATHS = (
					"$(inherited)",
					"@executable_path/Frameworks",
					"@loader_path/Frameworks",
				);
				PRODUCT_BUNDLE_IDENTIFIER = com.excelsior.CharacterListKit;
				PRODUCT_NAME = CharacterListKit;
				SDKROOT = iphoneos;
				SKIP_INSTALL = YES;
				SUPPORTED_PLATFORMS = "iphonesimulator iphoneos";
				SWIFT_ACTIVE_COMPILATION_CONDITIONS = DEBUG;
				SWIFT_COMPILATION_MODE = singlefile;
				SWIFT_OPTIMIZATION_LEVEL = "-Onone";
				SWIFT_VERSION = 5.2;
				TARGETED_DEVICE_FAMILY = 1;
				VERSIONING_SYSTEM = "apple-generic";
				VERSION_INFO_PREFIX = "";
			};
			name = Debug;
		};
		EF12C571D0A45D26DE709C8A /* Release */ = {
			isa = XCBuildConfiguration;
			buildSettings = {
				ALWAYS_SEARCH_USER_PATHS = NO;
				CLANG_ANALYZER_NONNULL = YES;
				CLANG_ANALYZER_NUMBER_OBJECT_CONVERSION = YES_AGGRESSIVE;
				CLANG_CXX_LANGUAGE_STANDARD = "gnu++14";
				CLANG_CXX_LIBRARY = "libc++";
				CLANG_ENABLE_MODULES = YES;
				CLANG_ENABLE_OBJC_ARC = YES;
				CLANG_ENABLE_OBJC_WEAK = YES;
				CLANG_WARN_BLOCK_CAPTURE_AUTORELEASING = YES;
				CLANG_WARN_BOOL_CONVERSION = YES;
				CLANG_WARN_COMMA = YES;
				CLANG_WARN_CONSTANT_CONVERSION = YES;
				CLANG_WARN_DEPRECATED_OBJC_IMPLEMENTATIONS = YES;
				CLANG_WARN_DIRECT_OBJC_ISA_USAGE = YES_ERROR;
				CLANG_WARN_DOCUMENTATION_COMMENTS = YES;
				CLANG_WARN_EMPTY_BODY = YES;
				CLANG_WARN_ENUM_CONVERSION = YES;
				CLANG_WARN_INFINITE_RECURSION = YES;
				CLANG_WARN_INT_CONVERSION = YES;
				CLANG_WARN_NON_LITERAL_NULL_CONVERSION = YES;
				CLANG_WARN_OBJC_IMPLICIT_RETAIN_SELF = YES;
				CLANG_WARN_OBJC_LITERAL_CONVERSION = YES;
				CLANG_WARN_OBJC_ROOT_CLASS = YES_ERROR;
				CLANG_WARN_RANGE_LOOP_ANALYSIS = YES;
				CLANG_WARN_STRICT_PROTOTYPES = YES;
				CLANG_WARN_SUSPICIOUS_MOVE = YES;
				CLANG_WARN_UNGUARDED_AVAILABILITY = YES_AGGRESSIVE;
				CLANG_WARN_UNREACHABLE_CODE = YES;
				CLANG_WARN__DUPLICATE_METHOD_MATCH = YES;
				COPY_PHASE_STRIP = NO;
				DEBUG_INFORMATION_FORMAT = "dwarf-with-dsym";
				ENABLE_NS_ASSERTIONS = NO;
				ENABLE_STRICT_OBJC_MSGSEND = YES;
				GCC_C_LANGUAGE_STANDARD = gnu11;
				GCC_NO_COMMON_BLOCKS = YES;
				GCC_WARN_64_TO_32_BIT_CONVERSION = YES;
				GCC_WARN_ABOUT_RETURN_TYPE = YES_ERROR;
				GCC_WARN_UNDECLARED_SELECTOR = YES;
				GCC_WARN_UNINITIALIZED_AUTOS = YES_AGGRESSIVE;
				GCC_WARN_UNUSED_FUNCTION = YES;
				GCC_WARN_UNUSED_VARIABLE = YES;
				MTL_ENABLE_DEBUG_INFO = NO;
				PRODUCT_NAME = "$(TARGET_NAME)";
				VALIDATE_PRODUCT = YES;
			};
			name = Release;
		};
/* End XCBuildConfiguration section */

/* Begin XCConfigurationList section */
		265AB1C9B2FE83D2167FCB40 /* Build configuration list for PBXProject "CharacterListKit" */ = {
			isa = XCConfigurationList;
			buildConfigurations = (
				A8A2D17768E12D4276D95CD7 /* Debug */,
				EF12C571D0A45D26DE709C8A /* Release */,
			);
			defaultConfigurationIsVisible = 0;
			defaultConfigurationName = Release;
		};
		52FEB59AF253BB8B6BA698DE /* Build configuration list for PBXNativeTarget "CharacterListKitUnitTests" */ = {
			isa = XCConfigurationList;
			buildConfigurations = (
				BEFC08642F7AD945723ABA88 /* Debug */,
				4DE953D0B500AB152FEB8712 /* Release */,
			);
			defaultConfigurationIsVisible = 0;
			defaultConfigurationName = Release;
		};
		9EA6B46B68DFFCE9EE35E23A /* Build configuration list for PBXNativeTarget "CharacterListKit" */ = {
			isa = XCConfigurationList;
			buildConfigurations = (
				CB9571B47CC8B7BDDD5C2B22 /* Debug */,
				12B48BE3DFED4518CCEE183B /* Release */,
			);
			defaultConfigurationIsVisible = 0;
			defaultConfigurationName = Release;
		};
/* End XCConfigurationList section */

/* Begin XCRemoteSwiftPackageReference section */
		FF52D8ECEB7420D37F41C5BC /* XCRemoteSwiftPackageReference "Kingfisher" */ = {
			isa = XCRemoteSwiftPackageReference;
			repositoryURL = "https://github.com/onevcat/Kingfisher";
			requirement = {
				kind = upToNextMajorVersion;
				minimumVersion = 5.1.0;
			};
		};
/* End XCRemoteSwiftPackageReference section */
	};
	rootObject = D5142F3DA679E696A2DB3A6A /* Project object */;
}
