// !$*UTF8*$!
{
	archiveVersion = 1;
	classes = {
	};
	objectVersion = 50;
	objects = {

/* Begin PBXBuildFile section */
		0A960190372EE71B969C136B /* Support.framework in Embed Frameworks */ = {isa = PBXBuildFile; fileRef = 83D8A20BD7D0436962CFC863 /* Support.framework */; settings = {ATTRIBUTES = (CodeSignOnCopy, RemoveHeadersOnCopy, ); }; };
		0DB2156B085A9E68DDE34300 /* CharacterDetailContainerViewController.swift in Sources */ = {isa = PBXBuildFile; fileRef = 2293988FCCD5A5BDDF993E08 /* CharacterDetailContainerViewController.swift */; };
		2A7E9ACD348D11D5937B87FE /* DataProvidersKit.framework in Embed Frameworks */ = {isa = PBXBuildFile; fileRef = 2D84511F2DDE75E9E1B47915 /* DataProvidersKit.framework */; settings = {ATTRIBUTES = (CodeSignOnCopy, RemoveHeadersOnCopy, ); }; };
		2ECB03F80640BCDD37F0F406 /* CharacterDetailKit.framework in Frameworks */ = {isa = PBXBuildFile; fileRef = E62550D0D39DBBCBE9FA935F /* CharacterDetailKit.framework */; };
		3A107200D33FA958A93CB7C1 /* DataProvidersKit.framework in Frameworks */ = {isa = PBXBuildFile; fileRef = 2D84511F2DDE75E9E1B47915 /* DataProvidersKit.framework */; };
		4B3604530E3CEB9A015CE9D8 /* CharacterDetail.swift in Sources */ = {isa = PBXBuildFile; fileRef = 90D44CC6BE8CA2AF28D86C9D /* CharacterDetail.swift */; };
		4C9548C9D743D9D8F22D5DF6 /* CharacterDetailState.swift in Sources */ = {isa = PBXBuildFile; fileRef = F1AC05AFFFD612D691D4CEF8 /* CharacterDetailState.swift */; };
		6CE6FA1C2B88685F6EB4D268 /* CharacterDetailScreen.swift in Sources */ = {isa = PBXBuildFile; fileRef = 9E030A94856EA6C5ABA6A0F8 /* CharacterDetailScreen.swift */; };
		71A2C55810869DBE51C2409C /* MarvelClient.framework in Embed Frameworks */ = {isa = PBXBuildFile; fileRef = F38D06E3868115D7656AB725 /* MarvelClient.framework */; settings = {ATTRIBUTES = (CodeSignOnCopy, RemoveHeadersOnCopy, ); }; };
		788FD67046F1A9D17916BE52 /* CharacterDetailPresenter.swift in Sources */ = {isa = PBXBuildFile; fileRef = 7DB006AFA452787515143D35 /* CharacterDetailPresenter.swift */; };
		798B51D86A58E451471F4570 /* CharacterDetailKit-Swift.h in Headers */ = {isa = PBXBuildFile; fileRef = F539B8C11B80AF332A8C1567 /* CharacterDetailKit-Swift.h */; settings = {ATTRIBUTES = (Private, ); }; };
		854034BF29647B6C0E7F7581 /* DisplayKit.framework in Frameworks */ = {isa = PBXBuildFile; fileRef = 3AC8918E56736FA5396A94F2 /* DisplayKit.framework */; };
		A07C58393A4A62B7778A3507 /* CharacterDetailNavigator.swift in Sources */ = {isa = PBXBuildFile; fileRef = 8225FE234E39C1864D2B0972 /* CharacterDetailNavigator.swift */; };
		A1AE07B52490B8388041B571 /* GetCharacterDetail.swift in Sources */ = {isa = PBXBuildFile; fileRef = 988A1F6A4D6CDB4EC0A2EA84 /* GetCharacterDetail.swift */; };
		A7BDC2F1BEFF66A7E72586F4 /* CharacterDetailViewController.xib in Resources */ = {isa = PBXBuildFile; fileRef = 7BC97E288B05C7DEF5EE055E /* CharacterDetailViewController.xib */; };
		B96FB25100B7E0326BDC67F0 /* CaracterDetailContainerView.swift in Sources */ = {isa = PBXBuildFile; fileRef = 9C21B7CA3FCBE63264DE9562 /* CaracterDetailContainerView.swift */; };
		C3F17F6BD53989788E161776 /* Images.xcassets in Resources */ = {isa = PBXBuildFile; fileRef = E9B8222373DBD6FC8DC44943 /* Images.xcassets */; };
		D49C558288454B98BE952834 /* DisplayKit.framework in Embed Frameworks */ = {isa = PBXBuildFile; fileRef = 3AC8918E56736FA5396A94F2 /* DisplayKit.framework */; settings = {ATTRIBUTES = (CodeSignOnCopy, RemoveHeadersOnCopy, ); }; };
		D52A025115C2078F8589AB6C /* CharacterDetailViewController.swift in Sources */ = {isa = PBXBuildFile; fileRef = 79C0A65D8C76D8384EA225FB /* CharacterDetailViewController.swift */; };
		DAC9516BEC4F1693BC4147D4 /* CharacterDetailKitTests.swift in Sources */ = {isa = PBXBuildFile; fileRef = A438B31F2EBB5DA94D6DB729 /* CharacterDetailKitTests.swift */; };
		DB796856B2F257E3847949BF /* CharacterDetailContainerPresenter.swift in Sources */ = {isa = PBXBuildFile; fileRef = D335CD7C54B540F6D449C72B /* CharacterDetailContainerPresenter.swift */; };
		DBBE19885D9732B22E9CD2FA /* CharacterDetailKit.framework in Embed Frameworks */ = {isa = PBXBuildFile; fileRef = E62550D0D39DBBCBE9FA935F /* CharacterDetailKit.framework */; settings = {ATTRIBUTES = (CodeSignOnCopy, RemoveHeadersOnCopy, ); }; };
		E2372A1BDD7FA8B2495F15E0 /* CharacterDetailContainer.storyboard in Resources */ = {isa = PBXBuildFile; fileRef = 66AA5375B4A7A5A5123E88D5 /* CharacterDetailContainer.storyboard */; };
		E4BF2FC5B39EFC794104791A /* CharacterDetailError.swift in Sources */ = {isa = PBXBuildFile; fileRef = BD981667E593D02CAE171CBD /* CharacterDetailError.swift */; };
		E76B08320AABD4F44C0434CF /* CharacterDetailKitAssembly.swift in Sources */ = {isa = PBXBuildFile; fileRef = 3396E1E04ACA27FE04C42AC9 /* CharacterDetailKitAssembly.swift */; };
		F6ED19F46A94C087960F8E24 /* CharacterDetailViewControllerFactory.swift in Sources */ = {isa = PBXBuildFile; fileRef = 5346B08F9E69DD736B368F9D /* CharacterDetailViewControllerFactory.swift */; };
		F80913264318495A456E9567 /* CharacterDetailView.swift in Sources */ = {isa = PBXBuildFile; fileRef = 7840C466C178E0347E0BA83A /* CharacterDetailView.swift */; };
/* End PBXBuildFile section */

/* Begin PBXContainerItemProxy section */
		1EC838B321B451AD757465EC /* PBXContainerItemProxy */ = {
			isa = PBXContainerItemProxy;
			containerPortal = 00E223D5C0C9BDED632E52FE /* Project object */;
			proxyType = 1;
			remoteGlobalIDString = 579FA56630F50365C96CBA4B;
			remoteInfo = CharacterDetailKit;
		};
/* End PBXContainerItemProxy section */

/* Begin PBXCopyFilesBuildPhase section */
		4B2DBE0F9EFD1BA8A7654871 /* Embed Frameworks */ = {
			isa = PBXCopyFilesBuildPhase;
			buildActionMask = 2147483647;
			dstSubfolderSpec = 10;
			files = (
				DBBE19885D9732B22E9CD2FA /* CharacterDetailKit.framework in Embed Frameworks */,
				2A7E9ACD348D11D5937B87FE /* DataProvidersKit.framework in Embed Frameworks */,
				D49C558288454B98BE952834 /* DisplayKit.framework in Embed Frameworks */,
				71A2C55810869DBE51C2409C /* MarvelClient.framework in Embed Frameworks */,
				0A960190372EE71B969C136B /* Support.framework in Embed Frameworks */,
			);
			name = "Embed Frameworks";
			runOnlyForDeploymentPostprocessing = 0;
		};
		8C6D062A37AB91954B49FBBC /* Embed Frameworks */ = {
			isa = PBXCopyFilesBuildPhase;
			buildActionMask = 2147483647;
			dstSubfolderSpec = 10;
			files = (
			);
			name = "Embed Frameworks";
			runOnlyForDeploymentPostprocessing = 0;
		};
/* End PBXCopyFilesBuildPhase section */

/* Begin PBXFileReference section */
		198DB05FB34F2CEF0DAAECB6 /* CharacterDetailKit.plist */ = {isa = PBXFileReference; lastKnownFileType = text.plist; path = CharacterDetailKit.plist; sourceTree = "<group>"; };
		2293988FCCD5A5BDDF993E08 /* CharacterDetailContainerViewController.swift */ = {isa = PBXFileReference; lastKnownFileType = sourcecode.swift; path = CharacterDetailContainerViewController.swift; sourceTree = "<group>"; };
		2D84511F2DDE75E9E1B47915 /* DataProvidersKit.framework */ = {isa = PBXFileReference; explicitFileType = wrapper.framework; includeInIndex = 0; path = DataProvidersKit.framework; sourceTree = BUILT_PRODUCTS_DIR; };
		3396E1E04ACA27FE04C42AC9 /* CharacterDetailKitAssembly.swift */ = {isa = PBXFileReference; lastKnownFileType = sourcecode.swift; path = CharacterDetailKitAssembly.swift; sourceTree = "<group>"; };
		3AC8918E56736FA5396A94F2 /* DisplayKit.framework */ = {isa = PBXFileReference; explicitFileType = wrapper.framework; includeInIndex = 0; path = DisplayKit.framework; sourceTree = BUILT_PRODUCTS_DIR; };
		5346B08F9E69DD736B368F9D /* CharacterDetailViewControllerFactory.swift */ = {isa = PBXFileReference; lastKnownFileType = sourcecode.swift; path = CharacterDetailViewControllerFactory.swift; sourceTree = "<group>"; };
		66AA5375B4A7A5A5123E88D5 /* CharacterDetailContainer.storyboard */ = {isa = PBXFileReference; lastKnownFileType = file.storyboard; path = CharacterDetailContainer.storyboard; sourceTree = "<group>"; };
		6B67B802CD3258D5FCF75A00 /* CharacterDetailKitUnitTests.xctest */ = {isa = PBXFileReference; explicitFileType = wrapper.cfbundle; includeInIndex = 0; path = CharacterDetailKitUnitTests.xctest; sourceTree = BUILT_PRODUCTS_DIR; };
		7840C466C178E0347E0BA83A /* CharacterDetailView.swift */ = {isa = PBXFileReference; lastKnownFileType = sourcecode.swift; path = CharacterDetailView.swift; sourceTree = "<group>"; };
		79C0A65D8C76D8384EA225FB /* CharacterDetailViewController.swift */ = {isa = PBXFileReference; lastKnownFileType = sourcecode.swift; path = CharacterDetailViewController.swift; sourceTree = "<group>"; };
		7BC97E288B05C7DEF5EE055E /* CharacterDetailViewController.xib */ = {isa = PBXFileReference; lastKnownFileType = file.xib; path = CharacterDetailViewController.xib; sourceTree = "<group>"; };
		7DB006AFA452787515143D35 /* CharacterDetailPresenter.swift */ = {isa = PBXFileReference; lastKnownFileType = sourcecode.swift; path = CharacterDetailPresenter.swift; sourceTree = "<group>"; };
		8225FE234E39C1864D2B0972 /* CharacterDetailNavigator.swift */ = {isa = PBXFileReference; lastKnownFileType = sourcecode.swift; path = CharacterDetailNavigator.swift; sourceTree = "<group>"; };
		83D8A20BD7D0436962CFC863 /* Support.framework */ = {isa = PBXFileReference; explicitFileType = wrapper.framework; includeInIndex = 0; path = Support.framework; sourceTree = BUILT_PRODUCTS_DIR; };
		90D44CC6BE8CA2AF28D86C9D /* CharacterDetail.swift */ = {isa = PBXFileReference; lastKnownFileType = sourcecode.swift; path = CharacterDetail.swift; sourceTree = "<group>"; };
		988A1F6A4D6CDB4EC0A2EA84 /* GetCharacterDetail.swift */ = {isa = PBXFileReference; lastKnownFileType = sourcecode.swift; path = GetCharacterDetail.swift; sourceTree = "<group>"; };
		9C21B7CA3FCBE63264DE9562 /* CaracterDetailContainerView.swift */ = {isa = PBXFileReference; lastKnownFileType = sourcecode.swift; path = CaracterDetailContainerView.swift; sourceTree = "<group>"; };
		9E030A94856EA6C5ABA6A0F8 /* CharacterDetailScreen.swift */ = {isa = PBXFileReference; lastKnownFileType = sourcecode.swift; path = CharacterDetailScreen.swift; sourceTree = "<group>"; };
		A438B31F2EBB5DA94D6DB729 /* CharacterDetailKitTests.swift */ = {isa = PBXFileReference; lastKnownFileType = sourcecode.swift; path = CharacterDetailKitTests.swift; sourceTree = "<group>"; };
		AC7AE6F7F008DC5F148E00E2 /* CharacterDetailKitUnitTests.plist */ = {isa = PBXFileReference; lastKnownFileType = text.plist; path = CharacterDetailKitUnitTests.plist; sourceTree = "<group>"; };
		BD981667E593D02CAE171CBD /* CharacterDetailError.swift */ = {isa = PBXFileReference; lastKnownFileType = sourcecode.swift; path = CharacterDetailError.swift; sourceTree = "<group>"; };
		D335CD7C54B540F6D449C72B /* CharacterDetailContainerPresenter.swift */ = {isa = PBXFileReference; lastKnownFileType = sourcecode.swift; path = CharacterDetailContainerPresenter.swift; sourceTree = "<group>"; };
		E62550D0D39DBBCBE9FA935F /* CharacterDetailKit.framework */ = {isa = PBXFileReference; explicitFileType = wrapper.framework; includeInIndex = 0; path = CharacterDetailKit.framework; sourceTree = BUILT_PRODUCTS_DIR; };
		E9B8222373DBD6FC8DC44943 /* Images.xcassets */ = {isa = PBXFileReference; lastKnownFileType = folder.assetcatalog; path = Images.xcassets; sourceTree = "<group>"; };
		F1AC05AFFFD612D691D4CEF8 /* CharacterDetailState.swift */ = {isa = PBXFileReference; lastKnownFileType = sourcecode.swift; path = CharacterDetailState.swift; sourceTree = "<group>"; };
		F38D06E3868115D7656AB725 /* MarvelClient.framework */ = {isa = PBXFileReference; explicitFileType = wrapper.framework; includeInIndex = 0; path = MarvelClient.framework; sourceTree = BUILT_PRODUCTS_DIR; };
		F539B8C11B80AF332A8C1567 /* CharacterDetailKit-Swift.h */ = {isa = PBXFileReference; lastKnownFileType = sourcecode.c.h; path = "CharacterDetailKit-Swift.h"; sourceTree = "<group>"; };
/* End PBXFileReference section */

/* Begin PBXFrameworksBuildPhase section */
		403E05DC6F38D0826E741ACE /* Frameworks */ = {
			isa = PBXFrameworksBuildPhase;
			buildActionMask = 2147483647;
			files = (
				2ECB03F80640BCDD37F0F406 /* CharacterDetailKit.framework in Frameworks */,
			);
			runOnlyForDeploymentPostprocessing = 0;
		};
		636ECC1C194FDAD5B9BB8C3C /* Frameworks */ = {
			isa = PBXFrameworksBuildPhase;
			buildActionMask = 2147483647;
			files = (
				3A107200D33FA958A93CB7C1 /* DataProvidersKit.framework in Frameworks */,
				854034BF29647B6C0E7F7581 /* DisplayKit.framework in Frameworks */,
			);
			runOnlyForDeploymentPostprocessing = 0;
		};
/* End PBXFrameworksBuildPhase section */

/* Begin PBXGroup section */
		01C46F931617A5FE1B0CA540 /* Presentation */ = {
			isa = PBXGroup;
			children = (
				FDE61140D7847BBA202E380C /* Presenter */,
				622E74DEBCD23554C5DB18B3 /* View */,
				8225FE234E39C1864D2B0972 /* CharacterDetailNavigator.swift */,
				9E030A94856EA6C5ABA6A0F8 /* CharacterDetailScreen.swift */,
			);
			path = Presentation;
			sourceTree = "<group>";
		};
		16FC011B3DB0DB0A7F4E0213 /* Resources */ = {
			isa = PBXGroup;
			children = (
				66AA5375B4A7A5A5123E88D5 /* CharacterDetailContainer.storyboard */,
				E9B8222373DBD6FC8DC44943 /* Images.xcassets */,
			);
			path = Resources;
			sourceTree = "<group>";
		};
		51984267E55BB10E94C39786 /* Frameworks */ = {
			isa = PBXGroup;
			children = (
			);
			name = Frameworks;
			sourceTree = "<group>";
		};
		622E74DEBCD23554C5DB18B3 /* View */ = {
			isa = PBXGroup;
			children = (
				9C21B7CA3FCBE63264DE9562 /* CaracterDetailContainerView.swift */,
				2293988FCCD5A5BDDF993E08 /* CharacterDetailContainerViewController.swift */,
				7840C466C178E0347E0BA83A /* CharacterDetailView.swift */,
				79C0A65D8C76D8384EA225FB /* CharacterDetailViewController.swift */,
				7BC97E288B05C7DEF5EE055E /* CharacterDetailViewController.xib */,
				5346B08F9E69DD736B368F9D /* CharacterDetailViewControllerFactory.swift */,
			);
			path = View;
			sourceTree = "<group>";
		};
		831F3C82ECB5DB64DE4FF6D7 /* Tests */ = {
			isa = PBXGroup;
			children = (
				A438B31F2EBB5DA94D6DB729 /* CharacterDetailKitTests.swift */,
			);
			path = Tests;
			sourceTree = "<group>";
		};
		86285240A60EA564D54F31BF /* Products */ = {
			isa = PBXGroup;
			children = (
				E62550D0D39DBBCBE9FA935F /* CharacterDetailKit.framework */,
				6B67B802CD3258D5FCF75A00 /* CharacterDetailKitUnitTests.xctest */,
				2D84511F2DDE75E9E1B47915 /* DataProvidersKit.framework */,
				3AC8918E56736FA5396A94F2 /* DisplayKit.framework */,
				F38D06E3868115D7656AB725 /* MarvelClient.framework */,
				83D8A20BD7D0436962CFC863 /* Support.framework */,
			);
			name = Products;
			sourceTree = "<group>";
		};
		B2109775BB719D6E58921ADA /* InfoPlists */ = {
			isa = PBXGroup;
			children = (
				198DB05FB34F2CEF0DAAECB6 /* CharacterDetailKit.plist */,
				AC7AE6F7F008DC5F148E00E2 /* CharacterDetailKitUnitTests.plist */,
			);
			path = InfoPlists;
			sourceTree = "<group>";
		};
		CCE845370C53C10F892511AF = {
			isa = PBXGroup;
			children = (
				DA9A74197A4FEF3D74B9C170 /* Project */,
				51984267E55BB10E94C39786 /* Frameworks */,
				86285240A60EA564D54F31BF /* Products */,
			);
			sourceTree = "<group>";
		};
		D3ADBDAF64AD59D56D1CCE9B /* Interactors */ = {
			isa = PBXGroup;
			children = (
				988A1F6A4D6CDB4EC0A2EA84 /* GetCharacterDetail.swift */,
			);
			path = Interactors;
			sourceTree = "<group>";
		};
		D64DCF0D4138673DCAAFF583 /* Derived */ = {
			isa = PBXGroup;
			children = (
				B2109775BB719D6E58921ADA /* InfoPlists */,
			);
			path = Derived;
			sourceTree = "<group>";
		};
		DA9A74197A4FEF3D74B9C170 /* Project */ = {
			isa = PBXGroup;
			children = (
				D64DCF0D4138673DCAAFF583 /* Derived */,
				FE6E4A474425BD6177AB34F4 /* Headers */,
				16FC011B3DB0DB0A7F4E0213 /* Resources */,
				EC3F6C88FF918432B4779848 /* Sources */,
				831F3C82ECB5DB64DE4FF6D7 /* Tests */,
			);
			name = Project;
			sourceTree = "<group>";
		};
		E272719F8ADB33428C99EF1E /* Models */ = {
			isa = PBXGroup;
			children = (
				90D44CC6BE8CA2AF28D86C9D /* CharacterDetail.swift */,
				BD981667E593D02CAE171CBD /* CharacterDetailError.swift */,
				F1AC05AFFFD612D691D4CEF8 /* CharacterDetailState.swift */,
			);
			path = Models;
			sourceTree = "<group>";
		};
		EC3F6C88FF918432B4779848 /* Sources */ = {
			isa = PBXGroup;
			children = (
				D3ADBDAF64AD59D56D1CCE9B /* Interactors */,
				E272719F8ADB33428C99EF1E /* Models */,
				01C46F931617A5FE1B0CA540 /* Presentation */,
				3396E1E04ACA27FE04C42AC9 /* CharacterDetailKitAssembly.swift */,
			);
			path = Sources;
			sourceTree = "<group>";
		};
		FDE61140D7847BBA202E380C /* Presenter */ = {
			isa = PBXGroup;
			children = (
				D335CD7C54B540F6D449C72B /* CharacterDetailContainerPresenter.swift */,
				7DB006AFA452787515143D35 /* CharacterDetailPresenter.swift */,
			);
			path = Presenter;
			sourceTree = "<group>";
		};
		FE6E4A474425BD6177AB34F4 /* Headers */ = {
			isa = PBXGroup;
			children = (
				F539B8C11B80AF332A8C1567 /* CharacterDetailKit-Swift.h */,
			);
			path = Headers;
			sourceTree = "<group>";
		};
/* End PBXGroup section */

/* Begin PBXHeadersBuildPhase section */
		69C6A05A8ACF14842BD308A6 /* Headers */ = {
			isa = PBXHeadersBuildPhase;
			buildActionMask = 2147483647;
			files = (
				798B51D86A58E451471F4570 /* CharacterDetailKit-Swift.h in Headers */,
			);
			runOnlyForDeploymentPostprocessing = 0;
		};
/* End PBXHeadersBuildPhase section */

/* Begin PBXNativeTarget section */
		579FA56630F50365C96CBA4B /* CharacterDetailKit */ = {
			isa = PBXNativeTarget;
			buildConfigurationList = ACADA31EB78A8CF780F88EE7 /* Build configuration list for PBXNativeTarget "CharacterDetailKit" */;
			buildPhases = (
				69C6A05A8ACF14842BD308A6 /* Headers */,
				11F69FF781FC56A5498CC6C6 /* Sources */,
				4153DCCD7E61DED9D9A6F7B3 /* Resources */,
				84D17E64A2205F9823EF8384 /* Embed Precompiled Frameworks */,
				8C6D062A37AB91954B49FBBC /* Embed Frameworks */,
				636ECC1C194FDAD5B9BB8C3C /* Frameworks */,
			);
			buildRules = (
			);
			dependencies = (
			);
			name = CharacterDetailKit;
			productName = CharacterDetailKit;
			productReference = E62550D0D39DBBCBE9FA935F /* CharacterDetailKit.framework */;
			productType = "com.apple.product-type.framework";
		};
		5E8D759554149E653C6CE500 /* CharacterDetailKitUnitTests */ = {
			isa = PBXNativeTarget;
			buildConfigurationList = 81AEF53EBE9F0EC3FCCC5488 /* Build configuration list for PBXNativeTarget "CharacterDetailKitUnitTests" */;
			buildPhases = (
				5EC109907D565278C6ED9DAB /* Sources */,
				B4847DE9387A0D4BB7DA19EF /* Resources */,
				24E79D7BCAC678A86B222538 /* Embed Precompiled Frameworks */,
				4B2DBE0F9EFD1BA8A7654871 /* Embed Frameworks */,
				403E05DC6F38D0826E741ACE /* Frameworks */,
			);
			buildRules = (
			);
			dependencies = (
				761924E69A1ABF74D9FCB8B0 /* PBXTargetDependency */,
			);
			name = CharacterDetailKitUnitTests;
			productName = CharacterDetailKitUnitTests;
			productReference = 6B67B802CD3258D5FCF75A00 /* CharacterDetailKitUnitTests.xctest */;
			productType = "com.apple.product-type.bundle.unit-test";
		};
/* End PBXNativeTarget section */

/* Begin PBXProject section */
		00E223D5C0C9BDED632E52FE /* Project object */ = {
			isa = PBXProject;
			attributes = {
				TargetAttributes = {
				};
			};
			buildConfigurationList = 30178C3358509AE6900C3E8C /* Build configuration list for PBXProject "CharacterDetailKit" */;
			compatibilityVersion = "Xcode 9.3";
			developmentRegion = en;
			hasScannedForEncodings = 0;
			knownRegions = (
				Base,
				en,
			);
			mainGroup = CCE845370C53C10F892511AF;
			productRefGroup = 86285240A60EA564D54F31BF /* Products */;
			projectDirPath = "";
			projectRoot = "";
			targets = (
				579FA56630F50365C96CBA4B /* CharacterDetailKit */,
				5E8D759554149E653C6CE500 /* CharacterDetailKitUnitTests */,
			);
		};
/* End PBXProject section */

/* Begin PBXResourcesBuildPhase section */
		4153DCCD7E61DED9D9A6F7B3 /* Resources */ = {
			isa = PBXResourcesBuildPhase;
			buildActionMask = 2147483647;
			files = (
				E2372A1BDD7FA8B2495F15E0 /* CharacterDetailContainer.storyboard in Resources */,
				C3F17F6BD53989788E161776 /* Images.xcassets in Resources */,
				A7BDC2F1BEFF66A7E72586F4 /* CharacterDetailViewController.xib in Resources */,
			);
			runOnlyForDeploymentPostprocessing = 0;
		};
		B4847DE9387A0D4BB7DA19EF /* Resources */ = {
			isa = PBXResourcesBuildPhase;
			buildActionMask = 2147483647;
			files = (
			);
			runOnlyForDeploymentPostprocessing = 0;
		};
/* End PBXResourcesBuildPhase section */

/* Begin PBXShellScriptBuildPhase section */
		24E79D7BCAC678A86B222538 /* Embed Precompiled Frameworks */ = {
			isa = PBXShellScriptBuildPhase;
			buildActionMask = 2147483647;
			files = (
			);
			inputPaths = (
			);
			name = "Embed Precompiled Frameworks";
			outputPaths = (
			);
			runOnlyForDeploymentPostprocessing = 0;
			shellPath = /bin/sh;
			shellScript = "echo \"Skipping, nothing to be embedded.\"";
		};
		84D17E64A2205F9823EF8384 /* Embed Precompiled Frameworks */ = {
			isa = PBXShellScriptBuildPhase;
			buildActionMask = 2147483647;
			files = (
			);
			inputPaths = (
			);
			name = "Embed Precompiled Frameworks";
			outputPaths = (
			);
			runOnlyForDeploymentPostprocessing = 0;
			shellPath = /bin/sh;
			shellScript = "echo \"Skipping, nothing to be embedded.\"";
		};
/* End PBXShellScriptBuildPhase section */

/* Begin PBXSourcesBuildPhase section */
		11F69FF781FC56A5498CC6C6 /* Sources */ = {
			isa = PBXSourcesBuildPhase;
			buildActionMask = 2147483647;
			files = (
				E76B08320AABD4F44C0434CF /* CharacterDetailKitAssembly.swift in Sources */,
				A1AE07B52490B8388041B571 /* GetCharacterDetail.swift in Sources */,
				4B3604530E3CEB9A015CE9D8 /* CharacterDetail.swift in Sources */,
				E4BF2FC5B39EFC794104791A /* CharacterDetailError.swift in Sources */,
				4C9548C9D743D9D8F22D5DF6 /* CharacterDetailState.swift in Sources */,
				A07C58393A4A62B7778A3507 /* CharacterDetailNavigator.swift in Sources */,
				6CE6FA1C2B88685F6EB4D268 /* CharacterDetailScreen.swift in Sources */,
				DB796856B2F257E3847949BF /* CharacterDetailContainerPresenter.swift in Sources */,
				788FD67046F1A9D17916BE52 /* CharacterDetailPresenter.swift in Sources */,
				B96FB25100B7E0326BDC67F0 /* CaracterDetailContainerView.swift in Sources */,
				0DB2156B085A9E68DDE34300 /* CharacterDetailContainerViewController.swift in Sources */,
				F80913264318495A456E9567 /* CharacterDetailView.swift in Sources */,
				D52A025115C2078F8589AB6C /* CharacterDetailViewController.swift in Sources */,
				F6ED19F46A94C087960F8E24 /* CharacterDetailViewControllerFactory.swift in Sources */,
			);
			runOnlyForDeploymentPostprocessing = 0;
		};
		5EC109907D565278C6ED9DAB /* Sources */ = {
			isa = PBXSourcesBuildPhase;
			buildActionMask = 2147483647;
			files = (
				DAC9516BEC4F1693BC4147D4 /* CharacterDetailKitTests.swift in Sources */,
			);
			runOnlyForDeploymentPostprocessing = 0;
		};
/* End PBXSourcesBuildPhase section */

/* Begin PBXTargetDependency section */
		761924E69A1ABF74D9FCB8B0 /* PBXTargetDependency */ = {
			isa = PBXTargetDependency;
			name = CharacterDetailKit;
			target = 579FA56630F50365C96CBA4B /* CharacterDetailKit */;
			targetProxy = 1EC838B321B451AD757465EC /* PBXContainerItemProxy */;
		};
/* End PBXTargetDependency section */

/* Begin XCBuildConfiguration section */
		08D8185194048B08288B11BC /* Debug */ = {
			isa = XCBuildConfiguration;
			buildSettings = {
				CODE_SIGN_IDENTITY = "iPhone Developer";
				INFOPLIST_FILE = Derived/InfoPlists/CharacterDetailKitUnitTests.plist;
				IPHONEOS_DEPLOYMENT_TARGET = 13.0;
				LD_RUNPATH_SEARCH_PATHS = (
					"$(inherited)",
					"@executable_path/Frameworks",
					"@loader_path/Frameworks",
				);
				PRODUCT_BUNDLE_IDENTIFIER = com.excelsior.CharacterDetailKitTests;
				PRODUCT_NAME = CharacterDetailKitUnitTests;
				SDKROOT = iphoneos;
				SUPPORTED_PLATFORMS = "iphonesimulator iphoneos";
				SWIFT_ACTIVE_COMPILATION_CONDITIONS = DEBUG;
				SWIFT_COMPILATION_MODE = singlefile;
				SWIFT_OPTIMIZATION_LEVEL = "-Onone";
				SWIFT_VERSION = 5.2;
				TARGETED_DEVICE_FAMILY = 1;
			};
			name = Debug;
		};
		0C72FA9BB68DF4E042EB52F9 /* Release */ = {
			isa = XCBuildConfiguration;
			buildSettings = {
				ALWAYS_SEARCH_USER_PATHS = NO;
				CLANG_ANALYZER_NONNULL = YES;
				CLANG_ANALYZER_NUMBER_OBJECT_CONVERSION = YES_AGGRESSIVE;
				CLANG_CXX_LANGUAGE_STANDARD = "gnu++14";
				CLANG_CXX_LIBRARY = "libc++";
				CLANG_ENABLE_MODULES = YES;
				CLANG_ENABLE_OBJC_ARC = YES;
				CLANG_ENABLE_OBJC_WEAK = YES;
				CLANG_WARN_BLOCK_CAPTURE_AUTORELEASING = YES;
				CLANG_WARN_BOOL_CONVERSION = YES;
				CLANG_WARN_COMMA = YES;
				CLANG_WARN_CONSTANT_CONVERSION = YES;
				CLANG_WARN_DEPRECATED_OBJC_IMPLEMENTATIONS = YES;
				CLANG_WARN_DIRECT_OBJC_ISA_USAGE = YES_ERROR;
				CLANG_WARN_DOCUMENTATION_COMMENTS = YES;
				CLANG_WARN_EMPTY_BODY = YES;
				CLANG_WARN_ENUM_CONVERSION = YES;
				CLANG_WARN_INFINITE_RECURSION = YES;
				CLANG_WARN_INT_CONVERSION = YES;
				CLANG_WARN_NON_LITERAL_NULL_CONVERSION = YES;
				CLANG_WARN_OBJC_IMPLICIT_RETAIN_SELF = YES;
				CLANG_WARN_OBJC_LITERAL_CONVERSION = YES;
				CLANG_WARN_OBJC_ROOT_CLASS = YES_ERROR;
				CLANG_WARN_RANGE_LOOP_ANALYSIS = YES;
				CLANG_WARN_STRICT_PROTOTYPES = YES;
				CLANG_WARN_SUSPICIOUS_MOVE = YES;
				CLANG_WARN_UNGUARDED_AVAILABILITY = YES_AGGRESSIVE;
				CLANG_WARN_UNREACHABLE_CODE = YES;
				CLANG_WARN__DUPLICATE_METHOD_MATCH = YES;
				COPY_PHASE_STRIP = NO;
				DEBUG_INFORMATION_FORMAT = "dwarf-with-dsym";
				ENABLE_NS_ASSERTIONS = NO;
				ENABLE_STRICT_OBJC_MSGSEND = YES;
				GCC_C_LANGUAGE_STANDARD = gnu11;
				GCC_NO_COMMON_BLOCKS = YES;
				GCC_WARN_64_TO_32_BIT_CONVERSION = YES;
				GCC_WARN_ABOUT_RETURN_TYPE = YES_ERROR;
				GCC_WARN_UNDECLARED_SELECTOR = YES;
				GCC_WARN_UNINITIALIZED_AUTOS = YES_AGGRESSIVE;
				GCC_WARN_UNUSED_FUNCTION = YES;
				GCC_WARN_UNUSED_VARIABLE = YES;
				MTL_ENABLE_DEBUG_INFO = NO;
				PRODUCT_NAME = "$(TARGET_NAME)";
				VALIDATE_PRODUCT = YES;
			};
			name = Release;
		};
		5E2AD32CDD75706D59C87CA2 /* Release */ = {
			isa = XCBuildConfiguration;
			buildSettings = {
				CODE_SIGN_IDENTITY = "";
				CURRENT_PROJECT_VERSION = 1;
				DEFINES_MODULE = YES;
				DYLIB_COMPATIBILITY_VERSION = 1;
				DYLIB_CURRENT_VERSION = 1;
				DYLIB_INSTALL_NAME_BASE = "@rpath";
				INFOPLIST_FILE = Derived/InfoPlists/CharacterDetailKit.plist;
				INSTALL_PATH = "$(LOCAL_LIBRARY_DIR)/Frameworks";
				IPHONEOS_DEPLOYMENT_TARGET = 10.0;
				LD_RUNPATH_SEARCH_PATHS = (
					"$(inherited)",
					"@executable_path/Frameworks",
					"@loader_path/Frameworks",
				);
				PRODUCT_BUNDLE_IDENTIFIER = com.excelsior.CharacterDetailKit;
				PRODUCT_NAME = CharacterDetailKit;
				SDKROOT = iphoneos;
				SKIP_INSTALL = YES;
				SUPPORTED_PLATFORMS = "iphonesimulator iphoneos";
				SWIFT_COMPILATION_MODE = wholemodule;
				SWIFT_OPTIMIZATION_LEVEL = "-Owholemodule";
				SWIFT_VERSION = 5.2;
				TARGETED_DEVICE_FAMILY = 1;
				VERSIONING_SYSTEM = "apple-generic";
				VERSION_INFO_PREFIX = "";
			};
			name = Release;
		};
		6535878DE770789FCA685DB5 /* Debug */ = {
			isa = XCBuildConfiguration;
			buildSettings = {
				CODE_SIGN_IDENTITY = "";
				CURRENT_PROJECT_VERSION = 1;
				DEFINES_MODULE = YES;
				DYLIB_COMPATIBILITY_VERSION = 1;
				DYLIB_CURRENT_VERSION = 1;
				DYLIB_INSTALL_NAME_BASE = "@rpath";
				INFOPLIST_FILE = Derived/InfoPlists/CharacterDetailKit.plist;
				INSTALL_PATH = "$(LOCAL_LIBRARY_DIR)/Frameworks";
				IPHONEOS_DEPLOYMENT_TARGET = 10.0;
				LD_RUNPATH_SEARCH_PATHS = (
					"$(inherited)",
					"@executable_path/Frameworks",
					"@loader_path/Frameworks",
				);
				PRODUCT_BUNDLE_IDENTIFIER = com.excelsior.CharacterDetailKit;
				PRODUCT_NAME = CharacterDetailKit;
				SDKROOT = iphoneos;
				SKIP_INSTALL = YES;
				SUPPORTED_PLATFORMS = "iphonesimulator iphoneos";
				SWIFT_ACTIVE_COMPILATION_CONDITIONS = DEBUG;
				SWIFT_COMPILATION_MODE = singlefile;
				SWIFT_OPTIMIZATION_LEVEL = "-Onone";
				SWIFT_VERSION = 5.2;
				TARGETED_DEVICE_FAMILY = 1;
				VERSIONING_SYSTEM = "apple-generic";
				VERSION_INFO_PREFIX = "";
			};
			name = Debug;
		};
		A9F67F0FD827F384334F3C22 /* Release */ = {
			isa = XCBuildConfiguration;
			buildSettings = {
				CODE_SIGN_IDENTITY = "iPhone Developer";
				INFOPLIST_FILE = Derived/InfoPlists/CharacterDetailKitUnitTests.plist;
				IPHONEOS_DEPLOYMENT_TARGET = 13.0;
				LD_RUNPATH_SEARCH_PATHS = (
					"$(inherited)",
					"@executable_path/Frameworks",
					"@loader_path/Frameworks",
				);
				PRODUCT_BUNDLE_IDENTIFIER = com.excelsior.CharacterDetailKitTests;
				PRODUCT_NAME = CharacterDetailKitUnitTests;
				SDKROOT = iphoneos;
				SUPPORTED_PLATFORMS = "iphonesimulator iphoneos";
				SWIFT_COMPILATION_MODE = wholemodule;
				SWIFT_OPTIMIZATION_LEVEL = "-Owholemodule";
				SWIFT_VERSION = 5.2;
				TARGETED_DEVICE_FAMILY = 1;
			};
			name = Release;
		};
		AE213256B8A741D28C062BD4 /* Debug */ = {
			isa = XCBuildConfiguration;
			buildSettings = {
				ALWAYS_SEARCH_USER_PATHS = NO;
				CLANG_ANALYZER_NONNULL = YES;
				CLANG_ANALYZER_NUMBER_OBJECT_CONVERSION = YES_AGGRESSIVE;
				CLANG_CXX_LANGUAGE_STANDARD = "gnu++14";
				CLANG_CXX_LIBRARY = "libc++";
				CLANG_ENABLE_MODULES = YES;
				CLANG_ENABLE_OBJC_ARC = YES;
				CLANG_ENABLE_OBJC_WEAK = YES;
				CLANG_WARN_BLOCK_CAPTURE_AUTORELEASING = YES;
				CLANG_WARN_BOOL_CONVERSION = YES;
				CLANG_WARN_COMMA = YES;
				CLANG_WARN_CONSTANT_CONVERSION = YES;
				CLANG_WARN_DEPRECATED_OBJC_IMPLEMENTATIONS = YES;
				CLANG_WARN_DIRECT_OBJC_ISA_USAGE = YES_ERROR;
				CLANG_WARN_DOCUMENTATION_COMMENTS = YES;
				CLANG_WARN_EMPTY_BODY = YES;
				CLANG_WARN_ENUM_CONVERSION = YES;
				CLANG_WARN_INFINITE_RECURSION = YES;
				CLANG_WARN_INT_CONVERSION = YES;
				CLANG_WARN_NON_LITERAL_NULL_CONVERSION = YES;
				CLANG_WARN_OBJC_IMPLICIT_RETAIN_SELF = YES;
				CLANG_WARN_OBJC_LITERAL_CONVERSION = YES;
				CLANG_WARN_OBJC_ROOT_CLASS = YES_ERROR;
				CLANG_WARN_RANGE_LOOP_ANALYSIS = YES;
				CLANG_WARN_STRICT_PROTOTYPES = YES;
				CLANG_WARN_SUSPICIOUS_MOVE = YES;
				CLANG_WARN_UNGUARDED_AVAILABILITY = YES_AGGRESSIVE;
				CLANG_WARN_UNREACHABLE_CODE = YES;
				CLANG_WARN__DUPLICATE_METHOD_MATCH = YES;
				COPY_PHASE_STRIP = NO;
				DEBUG_INFORMATION_FORMAT = dwarf;
				ENABLE_STRICT_OBJC_MSGSEND = YES;
				ENABLE_TESTABILITY = YES;
				GCC_C_LANGUAGE_STANDARD = gnu11;
				GCC_DYNAMIC_NO_PIC = NO;
				GCC_NO_COMMON_BLOCKS = YES;
				GCC_OPTIMIZATION_LEVEL = 0;
				GCC_PREPROCESSOR_DEFINITIONS = (
					"DEBUG=1",
					"$(inherited)",
				);
				GCC_WARN_64_TO_32_BIT_CONVERSION = YES;
				GCC_WARN_ABOUT_RETURN_TYPE = YES_ERROR;
				GCC_WARN_UNDECLARED_SELECTOR = YES;
				GCC_WARN_UNINITIALIZED_AUTOS = YES_AGGRESSIVE;
				GCC_WARN_UNUSED_FUNCTION = YES;
				GCC_WARN_UNUSED_VARIABLE = YES;
				MTL_ENABLE_DEBUG_INFO = YES;
				ONLY_ACTIVE_ARCH = YES;
				PRODUCT_NAME = "$(TARGET_NAME)";
			};
			name = Debug;
		};
/* End XCBuildConfiguration section */

/* Begin XCConfigurationList section */
		30178C3358509AE6900C3E8C /* Build configuration list for PBXProject "CharacterDetailKit" */ = {
			isa = XCConfigurationList;
			buildConfigurations = (
				AE213256B8A741D28C062BD4 /* Debug */,
				0C72FA9BB68DF4E042EB52F9 /* Release */,
			);
			defaultConfigurationIsVisible = 0;
			defaultConfigurationName = Release;
		};
		81AEF53EBE9F0EC3FCCC5488 /* Build configuration list for PBXNativeTarget "CharacterDetailKitUnitTests" */ = {
			isa = XCConfigurationList;
			buildConfigurations = (
				08D8185194048B08288B11BC /* Debug */,
				A9F67F0FD827F384334F3C22 /* Release */,
			);
			defaultConfigurationIsVisible = 0;
			defaultConfigurationName = Release;
		};
		ACADA31EB78A8CF780F88EE7 /* Build configuration list for PBXNativeTarget "CharacterDetailKit" */ = {
			isa = XCConfigurationList;
			buildConfigurations = (
				6535878DE770789FCA685DB5 /* Debug */,
				5E2AD32CDD75706D59C87CA2 /* Release */,
			);
			defaultConfigurationIsVisible = 0;
			defaultConfigurationName = Release;
		};
/* End XCConfigurationList section */
	};
	rootObject = 00E223D5C0C9BDED632E52FE /* Project object */;
}
